// !$*UTF8*$!
{
	archiveVersion = 1;
	classes = {
	};
	objectVersion = 50;
	objects = {

/* Begin PBXBuildFile section */
		FB00E7132203A3A900E3DD33 /* CustomHeaderView.swift in Sources */ = {isa = PBXBuildFile; fileRef = FB00E7122203A3A900E3DD33 /* CustomHeaderView.swift */; };
		FBFBEDC7220366E300DF06B5 /* CustomCollectionView.swift in Sources */ = {isa = PBXBuildFile; fileRef = FBFBEDC6220366E300DF06B5 /* CustomCollectionView.swift */; };
		FBFFD0F32202307A001825EE /* AppDelegate.swift in Sources */ = {isa = PBXBuildFile; fileRef = FBFFD0F22202307A001825EE /* AppDelegate.swift */; };
		FBFFD0F52202307A001825EE /* LoginViewController.swift in Sources */ = {isa = PBXBuildFile; fileRef = FBFFD0F42202307A001825EE /* LoginViewController.swift */; };
		FBFFD0F82202307A001825EE /* Main.storyboard in Resources */ = {isa = PBXBuildFile; fileRef = FBFFD0F62202307A001825EE /* Main.storyboard */; };
		FBFFD0FA2202307C001825EE /* Assets.xcassets in Resources */ = {isa = PBXBuildFile; fileRef = FBFFD0F92202307C001825EE /* Assets.xcassets */; };
		FBFFD0FD2202307C001825EE /* LaunchScreen.storyboard in Resources */ = {isa = PBXBuildFile; fileRef = FBFFD0FB2202307C001825EE /* LaunchScreen.storyboard */; };
		FBFFD105220231F6001825EE /* Extension.swift in Sources */ = {isa = PBXBuildFile; fileRef = FBFFD104220231F6001825EE /* Extension.swift */; };
		FBFFD10722023F39001825EE /* SignUpViewController.swift in Sources */ = {isa = PBXBuildFile; fileRef = FBFFD10622023F39001825EE /* SignUpViewController.swift */; };
/* End PBXBuildFile section */

/* Begin PBXFileReference section */
		FB00E7122203A3A900E3DD33 /* CustomHeaderView.swift */ = {isa = PBXFileReference; lastKnownFileType = sourcecode.swift; path = CustomHeaderView.swift; sourceTree = "<group>"; };
		FBFBEDC6220366E300DF06B5 /* CustomCollectionView.swift */ = {isa = PBXFileReference; lastKnownFileType = sourcecode.swift; path = CustomCollectionView.swift; sourceTree = "<group>"; };
		FBFFD0EF2202307A001825EE /* SignIn&SignUp.app */ = {isa = PBXFileReference; explicitFileType = wrapper.application; includeInIndex = 0; path = "SignIn&SignUp.app"; sourceTree = BUILT_PRODUCTS_DIR; };
		FBFFD0F22202307A001825EE /* AppDelegate.swift */ = {isa = PBXFileReference; lastKnownFileType = sourcecode.swift; path = AppDelegate.swift; sourceTree = "<group>"; };
		FBFFD0F42202307A001825EE /* LoginViewController.swift */ = {isa = PBXFileReference; lastKnownFileType = sourcecode.swift; path = LoginViewController.swift; sourceTree = "<group>"; };
		FBFFD0F72202307A001825EE /* Base */ = {isa = PBXFileReference; lastKnownFileType = file.storyboard; name = Base; path = Base.lproj/Main.storyboard; sourceTree = "<group>"; };
		FBFFD0F92202307C001825EE /* Assets.xcassets */ = {isa = PBXFileReference; lastKnownFileType = folder.assetcatalog; path = Assets.xcassets; sourceTree = "<group>"; };
		FBFFD0FC2202307C001825EE /* Base */ = {isa = PBXFileReference; lastKnownFileType = file.storyboard; name = Base; path = Base.lproj/LaunchScreen.storyboard; sourceTree = "<group>"; };
		FBFFD0FE2202307C001825EE /* Info.plist */ = {isa = PBXFileReference; lastKnownFileType = text.plist.xml; path = Info.plist; sourceTree = "<group>"; };
		FBFFD104220231F6001825EE /* Extension.swift */ = {isa = PBXFileReference; lastKnownFileType = sourcecode.swift; path = Extension.swift; sourceTree = "<group>"; };
		FBFFD10622023F39001825EE /* SignUpViewController.swift */ = {isa = PBXFileReference; lastKnownFileType = sourcecode.swift; path = SignUpViewController.swift; sourceTree = "<group>"; };
/* End PBXFileReference section */

/* Begin PBXFrameworksBuildPhase section */
		FBFFD0EC2202307A001825EE /* Frameworks */ = {
			isa = PBXFrameworksBuildPhase;
			buildActionMask = 2147483647;
			files = (
			);
			runOnlyForDeploymentPostprocessing = 0;
		};
/* End PBXFrameworksBuildPhase section */

/* Begin PBXGroup section */
		FBFFD0E62202307A001825EE = {
			isa = PBXGroup;
			children = (
				FBFFD0F12202307A001825EE /* SignIn&SignUp */,
				FBFFD0F02202307A001825EE /* Products */,
			);
			sourceTree = "<group>";
		};
		FBFFD0F02202307A001825EE /* Products */ = {
			isa = PBXGroup;
			children = (
				FBFFD0EF2202307A001825EE /* SignIn&SignUp.app */,
			);
			name = Products;
			sourceTree = "<group>";
		};
		FBFFD0F12202307A001825EE /* SignIn&SignUp */ = {
			isa = PBXGroup;
			children = (
				FBFFD0F22202307A001825EE /* AppDelegate.swift */,
				FBFFD0F42202307A001825EE /* LoginViewController.swift */,
				FBFFD10622023F39001825EE /* SignUpViewController.swift */,
				FBFBEDC6220366E300DF06B5 /* CustomCollectionView.swift */,
				FB00E7122203A3A900E3DD33 /* CustomHeaderView.swift */,
				FBFFD104220231F6001825EE /* Extension.swift */,
				FBFFD0F62202307A001825EE /* Main.storyboard */,
				FBFFD0F92202307C001825EE /* Assets.xcassets */,
				FBFFD0FB2202307C001825EE /* LaunchScreen.storyboard */,
				FBFFD0FE2202307C001825EE /* Info.plist */,
			);
			path = "SignIn&SignUp";
			sourceTree = "<group>";
		};
/* End PBXGroup section */

/* Begin PBXNativeTarget section */
		FBFFD0EE2202307A001825EE /* SignIn&SignUp */ = {
			isa = PBXNativeTarget;
			buildConfigurationList = FBFFD1012202307C001825EE /* Build configuration list for PBXNativeTarget "SignIn&SignUp" */;
			buildPhases = (
				FBFFD0EB2202307A001825EE /* Sources */,
				FBFFD0EC2202307A001825EE /* Frameworks */,
				FBFFD0ED2202307A001825EE /* Resources */,
			);
			buildRules = (
			);
			dependencies = (
			);
			name = "SignIn&SignUp";
			productName = "SignIn&SignUp";
			productReference = FBFFD0EF2202307A001825EE /* SignIn&SignUp.app */;
			productType = "com.apple.product-type.application";
		};
/* End PBXNativeTarget section */

/* Begin PBXProject section */
		FBFFD0E72202307A001825EE /* Project object */ = {
			isa = PBXProject;
			attributes = {
				LastSwiftUpdateCheck = 1010;
				LastUpgradeCheck = 1010;
				ORGANIZATIONNAME = sowah;
				TargetAttributes = {
					FBFFD0EE2202307A001825EE = {
						CreatedOnToolsVersion = 10.1;
					};
				};
			};
			buildConfigurationList = FBFFD0EA2202307A001825EE /* Build configuration list for PBXProject "SignIn&SignUp" */;
			compatibilityVersion = "Xcode 9.3";
			developmentRegion = en;
			hasScannedForEncodings = 0;
			knownRegions = (
				en,
				Base,
			);
			mainGroup = FBFFD0E62202307A001825EE;
			productRefGroup = FBFFD0F02202307A001825EE /* Products */;
			projectDirPath = "";
			projectRoot = "";
			targets = (
				FBFFD0EE2202307A001825EE /* SignIn&SignUp */,
			);
		};
/* End PBXProject section */

/* Begin PBXResourcesBuildPhase section */
		FBFFD0ED2202307A001825EE /* Resources */ = {
			isa = PBXResourcesBuildPhase;
			buildActionMask = 2147483647;
			files = (
				FBFFD0FD2202307C001825EE /* LaunchScreen.storyboard in Resources */,
				FBFFD0FA2202307C001825EE /* Assets.xcassets in Resources */,
				FBFFD0F82202307A001825EE /* Main.storyboard in Resources */,
			);
			runOnlyForDeploymentPostprocessing = 0;
		};
/* End PBXResourcesBuildPhase section */

/* Begin PBXSourcesBuildPhase section */
		FBFFD0EB2202307A001825EE /* Sources */ = {
			isa = PBXSourcesBuildPhase;
			buildActionMask = 2147483647;
			files = (
				FBFBEDC7220366E300DF06B5 /* CustomCollectionView.swift in Sources */,
				FBFFD105220231F6001825EE /* Extension.swift in Sources */,
				FBFFD0F52202307A001825EE /* LoginViewController.swift in Sources */,
				FBFFD10722023F39001825EE /* SignUpViewController.swift in Sources */,
				FB00E7132203A3A900E3DD33 /* CustomHeaderView.swift in Sources */,
				FBFFD0F32202307A001825EE /* AppDelegate.swift in Sources */,
			);
			runOnlyForDeploymentPostprocessing = 0;
		};
/* End PBXSourcesBuildPhase section */

/* Begin PBXVariantGroup section */
		FBFFD0F62202307A001825EE /* Main.storyboard */ = {
			isa = PBXVariantGroup;
			children = (
				FBFFD0F72202307A001825EE /* Base */,
			);
			name = Main.storyboard;
			sourceTree = "<group>";
		};
		FBFFD0FB2202307C001825EE /* LaunchScreen.storyboard */ = {
			isa = PBXVariantGroup;
			children = (
				FBFFD0FC2202307C001825EE /* Base */,
			);
			name = LaunchScreen.storyboard;
			sourceTree = "<group>";
		};
/* End PBXVariantGroup section */

/* Begin XCBuildConfiguration section */
		FBFFD0FF2202307C001825EE /* Debug */ = {
			isa = XCBuildConfiguration;
			buildSettings = {
				ALWAYS_SEARCH_USER_PATHS = NO;
				CLANG_ANALYZER_NONNULL = YES;
				CLANG_ANALYZER_NUMBER_OBJECT_CONVERSION = YES_AGGRESSIVE;
				CLANG_CXX_LANGUAGE_STANDARD = "gnu++14";
				CLANG_CXX_LIBRARY = "libc++";
				CLANG_ENABLE_MODULES = YES;
				CLANG_ENABLE_OBJC_ARC = YES;
				CLANG_ENABLE_OBJC_WEAK = YES;
				CLANG_WARN_BLOCK_CAPTURE_AUTORELEASING = YES;
				CLANG_WARN_BOOL_CONVERSION = YES;
				CLANG_WARN_COMMA = YES;
				CLANG_WARN_CONSTANT_CONVERSION = YES;
				CLANG_WARN_DEPRECATED_OBJC_IMPLEMENTATIONS = YES;
				CLANG_WARN_DIRECT_OBJC_ISA_USAGE = YES_ERROR;
				CLANG_WARN_DOCUMENTATION_COMMENTS = YES;
				CLANG_WARN_EMPTY_BODY = YES;
				CLANG_WARN_ENUM_CONVERSION = YES;
				CLANG_WARN_INFINITE_RECURSION = YES;
				CLANG_WARN_INT_CONVERSION = YES;
				CLANG_WARN_NON_LITERAL_NULL_CONVERSION = YES;
				CLANG_WARN_OBJC_IMPLICIT_RETAIN_SELF = YES;
				CLANG_WARN_OBJC_LITERAL_CONVERSION = YES;
				CLANG_WARN_OBJC_ROOT_CLASS = YES_ERROR;
				CLANG_WARN_RANGE_LOOP_ANALYSIS = YES;
				CLANG_WARN_STRICT_PROTOTYPES = YES;
				CLANG_WARN_SUSPICIOUS_MOVE = YES;
				CLANG_WARN_UNGUARDED_AVAILABILITY = YES_AGGRESSIVE;
				CLANG_WARN_UNREACHABLE_CODE = YES;
				CLANG_WARN__DUPLICATE_METHOD_MATCH = YES;
				CODE_SIGN_IDENTITY = "iPhone Developer";
				COPY_PHASE_STRIP = NO;
				DEBUG_INFORMATION_FORMAT = dwarf;
				ENABLE_STRICT_OBJC_MSGSEND = YES;
				ENABLE_TESTABILITY = YES;
				GCC_C_LANGUAGE_STANDARD = gnu11;
				GCC_DYNAMIC_NO_PIC = NO;
				GCC_NO_COMMON_BLOCKS = YES;
				GCC_OPTIMIZATION_LEVEL = 0;
				GCC_PREPROCESSOR_DEFINITIONS = (
					"DEBUG=1",
					"$(inherited)",
				);
				GCC_WARN_64_TO_32_BIT_CONVERSION = YES;
				GCC_WARN_ABOUT_RETURN_TYPE = YES_ERROR;
				GCC_WARN_UNDECLARED_SELECTOR = YES;
				GCC_WARN_UNINITIALIZED_AUTOS = YES_AGGRESSIVE;
				GCC_WARN_UNUSED_FUNCTION = YES;
				GCC_WARN_UNUSED_VARIABLE = YES;
				IPHONEOS_DEPLOYMENT_TARGET = 12.1;
				MTL_ENABLE_DEBUG_INFO = INCLUDE_SOURCE;
				MTL_FAST_MATH = YES;
				ONLY_ACTIVE_ARCH = YES;
				SDKROOT = iphoneos;
				SWIFT_ACTIVE_COMPILATION_CONDITIONS = DEBUG;
				SWIFT_OPTIMIZATION_LEVEL = "-Onone";
			};
			name = Debug;
		};
		FBFFD1002202307C001825EE /* Release */ = {
			isa = XCBuildConfiguration;
			buildSettings = {
				ALWAYS_SEARCH_USER_PATHS = NO;
				CLANG_ANALYZER_NONNULL = YES;
				CLANG_ANALYZER_NUMBER_OBJECT_CONVERSION = YES_AGGRESSIVE;
				CLANG_CXX_LANGUAGE_STANDARD = "gnu++14";
				CLANG_CXX_LIBRARY = "libc++";
				CLANG_ENABLE_MODULES = YES;
				CLANG_ENABLE_OBJC_ARC = YES;
				CLANG_ENABLE_OBJC_WEAK = YES;
				CLANG_WARN_BLOCK_CAPTURE_AUTORELEASING = YES;
				CLANG_WARN_BOOL_CONVERSION = YES;
				CLANG_WARN_COMMA = YES;
				CLANG_WARN_CONSTANT_CONVERSION = YES;
				CLANG_WARN_DEPRECATED_OBJC_IMPLEMENTATIONS = YES;
				CLANG_WARN_DIRECT_OBJC_ISA_USAGE = YES_ERROR;
				CLANG_WARN_DOCUMENTATION_COMMENTS = YES;
				CLANG_WARN_EMPTY_BODY = YES;
				CLANG_WARN_ENUM_CONVERSION = YES;
				CLANG_WARN_INFINITE_RECURSION = YES;
				CLANG_WARN_INT_CONVERSION = YES;
				CLANG_WARN_NON_LITERAL_NULL_CONVERSION = YES;
				CLANG_WARN_OBJC_IMPLICIT_RETAIN_SELF = YES;
				CLANG_WARN_OBJC_LITERAL_CONVERSION = YES;
				CLANG_WARN_OBJC_ROOT_CLASS = YES_ERROR;
				CLANG_WARN_RANGE_LOOP_ANALYSIS = YES;
				CLANG_WARN_STRICT_PROTOTYPES = YES;
				CLANG_WARN_SUSPICIOUS_MOVE = YES;
				CLANG_WARN_UNGUARDED_AVAILABILITY = YES_AGGRESSIVE;
				CLANG_WARN_UNREACHABLE_CODE = YES;
				CLANG_WARN__DUPLICATE_METHOD_MATCH = YES;
				CODE_SIGN_IDENTITY = "iPhone Developer";
				COPY_PHASE_STRIP = NO;
				DEBUG_INFORMATION_FORMAT = "dwarf-with-dsym";
				ENABLE_NS_ASSERTIONS = NO;
				ENABLE_STRICT_OBJC_MSGSEND = YES;
				GCC_C_LANGUAGE_STANDARD = gnu11;
				GCC_NO_COMMON_BLOCKS = YES;
				GCC_WARN_64_TO_32_BIT_CONVERSION = YES;
				GCC_WARN_ABOUT_RETURN_TYPE = YES_ERROR;
				GCC_WARN_UNDECLARED_SELECTOR = YES;
				GCC_WARN_UNINITIALIZED_AUTOS = YES_AGGRESSIVE;
				GCC_WARN_UNUSED_FUNCTION = YES;
				GCC_WARN_UNUSED_VARIABLE = YES;
				IPHONEOS_DEPLOYMENT_TARGET = 12.1;
				MTL_ENABLE_DEBUG_INFO = NO;
				MTL_FAST_MATH = YES;
				SDKROOT = iphoneos;
				SWIFT_COMPILATION_MODE = wholemodule;
				SWIFT_OPTIMIZATION_LEVEL = "-O";
				VALIDATE_PRODUCT = YES;
			};
			name = Release;
		};
		FBFFD1022202307C001825EE /* Debug */ = {
			isa = XCBuildConfiguration;
			buildSettings = {
				ASSETCATALOG_COMPILER_APPICON_NAME = AppIcon;
				CODE_SIGN_STYLE = Automatic;
				DEVELOPMENT_TEAM = B5297G38R8;
				INFOPLIST_FILE = "SignIn&SignUp/Info.plist";
				LD_RUNPATH_SEARCH_PATHS = (
					"$(inherited)",
					"@executable_path/Frameworks",
				);
				PRODUCT_BUNDLE_IDENTIFIER = "sowah.SignIn-SignUp";
				PRODUCT_NAME = "$(TARGET_NAME)";
				SWIFT_VERSION = 4.2;
				TARGETED_DEVICE_FAMILY = "1,2";
			};
			name = Debug;
		};
		FBFFD1032202307C001825EE /* Release */ = {
			isa = XCBuildConfiguration;
			buildSettings = {
				ASSETCATALOG_COMPILER_APPICON_NAME = AppIcon;
				CODE_SIGN_STYLE = Automatic;
				DEVELOPMENT_TEAM = B5297G38R8;
				INFOPLIST_FILE = "SignIn&SignUp/Info.plist";
				LD_RUNPATH_SEARCH_PATHS = (
					"$(inherited)",
					"@executable_path/Frameworks",
				);
				PRODUCT_BUNDLE_IDENTIFIER = "sowah.SignIn-SignUp";
				PRODUCT_NAME = "$(TARGET_NAME)";
				SWIFT_VERSION = 4.2;
				TARGETED_DEVICE_FAMILY = "1,2";
			};
			name = Release;
		};
/* End XCBuildConfiguration section */

/* Begin XCConfigurationList section */
		FBFFD0EA2202307A001825EE /* Build configuration list for PBXProject "SignIn&SignUp" */ = {
			isa = XCConfigurationList;
			buildConfigurations = (
				FBFFD0FF2202307C001825EE /* Debug */,
				FBFFD1002202307C001825EE /* Release */,
			);
			defaultConfigurationIsVisible = 0;
			defaultConfigurationName = Release;
		};
		FBFFD1012202307C001825EE /* Build configuration list for PBXNativeTarget "SignIn&SignUp" */ = {
			isa = XCConfigurationList;
			buildConfigurations = (
				FBFFD1022202307C001825EE /* Debug */,
				FBFFD1032202307C001825EE /* Release */,
			);
			defaultConfigurationIsVisible = 0;
			defaultConfigurationName = Release;
		};
/* End XCConfigurationList section */
	};
	rootObject = FBFFD0E72202307A001825EE /* Project object */;
}
